
Microsoft Visual Studio Solution File, Format Version 12.00
# Visual Studio Version 16
VisualStudioVersion = 16.0.31205.134
MinimumVisualStudioVersion = 10.0.40219.1
Project("{9A19103F-16F7-4668-BE54-9A1E7A4F7556}") = "LSS.Server", "Server\LSS.Server.csproj", "{D8739388-5562-4C5A-B4D8-C4276DFB9A54}"
EndProject
Project("{9A19103F-16F7-4668-BE54-9A1E7A4F7556}") = "LSS.Client", "Client\LSS.Client.csproj", "{7A0D4846-48F6-4397-A63F-F43212B96821}"
EndProject
Project("{9A19103F-16F7-4668-BE54-9A1E7A4F7556}") = "LSS.Shared", "Shared\LSS.Shared.csproj", "{2991B21C-513F-4248-98C0-212E7C44CD77}"
EndProject
Global
	GlobalSection(SolutionConfigurationPlatforms) = preSolution
		Debug|Any CPU = Debug|Any CPU
		Release|Any CPU = Release|Any CPU
	EndGlobalSection
	GlobalSection(ProjectConfigurationPlatforms) = postSolution
		{D8739388-5562-4C5A-B4D8-C4276DFB9A54}.Debug|Any CPU.ActiveCfg = Debug|Any CPU
		{D8739388-5562-4C5A-B4D8-C4276DFB9A54}.Debug|Any CPU.Build.0 = Debug|Any CPU
		{D8739388-5562-4C5A-B4D8-C4276DFB9A54}.Release|Any CPU.ActiveCfg = Release|Any CPU
		{D8739388-5562-4C5A-B4D8-C4276DFB9A54}.Release|Any CPU.Build.0 = Release|Any CPU
		{7A0D4846-48F6-4397-A63F-F43212B96821}.Debug|Any CPU.ActiveCfg = Debug|Any CPU
		{7A0D4846-48F6-4397-A63F-F43212B96821}.Debug|Any CPU.Build.0 = Debug|Any CPU
		{7A0D4846-48F6-4397-A63F-F43212B96821}.Release|Any CPU.ActiveCfg = Release|Any CPU
		{7A0D4846-48F6-4397-A63F-F43212B96821}.Release|Any CPU.Build.0 = Release|Any CPU
		{2991B21C-513F-4248-98C0-212E7C44CD77}.Debug|Any CPU.ActiveCfg = Debug|Any CPU
		{2991B21C-513F-4248-98C0-212E7C44CD77}.Debug|Any CPU.Build.0 = Debug|Any CPU
		{2991B21C-513F-4248-98C0-212E7C44CD77}.Release|Any CPU.ActiveCfg = Release|Any CPU
		{2991B21C-513F-4248-98C0-212E7C44CD77}.Release|Any CPU.Build.0 = Release|Any CPU
	EndGlobalSection
	GlobalSection(SolutionProperties) = preSolution
		HideSolutionNode = FALSE
	EndGlobalSection
	GlobalSection(ExtensibilityGlobals) = postSolution
		SolutionGuid = {5262331E-F842-4F1F-9980-B26A6010119E}
	EndGlobalSection
EndGlobal
